
Microsoft Visual Studio Solution File, Format Version 12.00
# Visual Studio 2012
Project("{FAE04EC0-301F-11D3-BF4B-00C04F79EFBC}") = "Health4life", "Health4life\Health4life.csproj", "{5693CAA4-AB9F-4240-BDD8-47F4DA876DAD}"
EndProject
Project("{CC5FD16D-436D-48AD-A40C-5A424C6E3E79}") = "Health4lifeCloud", "Health4lifeCloud\Health4lifeCloud.ccproj", "{19029790-71F3-460A-ABA6-D2ECC9FCC9A7}"
EndProject
Global
	GlobalSection(SolutionConfigurationPlatforms) = preSolution
		Debug|Any CPU = Debug|Any CPU
		Release|Any CPU = Release|Any CPU
	EndGlobalSection
	GlobalSection(ProjectConfigurationPlatforms) = postSolution
		{5693CAA4-AB9F-4240-BDD8-47F4DA876DAD}.Debug|Any CPU.ActiveCfg = Debug|Any CPU
		{5693CAA4-AB9F-4240-BDD8-47F4DA876DAD}.Debug|Any CPU.Build.0 = Debug|Any CPU
		{5693CAA4-AB9F-4240-BDD8-47F4DA876DAD}.Release|Any CPU.ActiveCfg = Release|Any CPU
		{5693CAA4-AB9F-4240-BDD8-47F4DA876DAD}.Release|Any CPU.Build.0 = Release|Any CPU
		{19029790-71F3-460A-ABA6-D2ECC9FCC9A7}.Debug|Any CPU.ActiveCfg = Debug|Any CPU
		{19029790-71F3-460A-ABA6-D2ECC9FCC9A7}.Debug|Any CPU.Build.0 = Debug|Any CPU
		{19029790-71F3-460A-ABA6-D2ECC9FCC9A7}.Release|Any CPU.ActiveCfg = Release|Any CPU
		{19029790-71F3-460A-ABA6-D2ECC9FCC9A7}.Release|Any CPU.Build.0 = Release|Any CPU
	EndGlobalSection
	GlobalSection(SolutionProperties) = preSolution
		HideSolutionNode = FALSE
	EndGlobalSection
EndGlobal
