
Microsoft Visual Studio Solution File, Format Version 12.00
# Visual Studio 2012
Project("{FAE04EC0-301F-11D3-BF4B-00C04F79EFBC}") = "Health4life", "Health4life\Health4life.csproj", "{5693CAA4-AB9F-4240-BDD8-47F4DA876DAD}"
EndProject
Global
	GlobalSection(SolutionConfigurationPlatforms) = preSolution
		Debug|Any CPU = Debug|Any CPU
		Release|Any CPU = Release|Any CPU
	EndGlobalSection
	GlobalSection(ProjectConfigurationPlatforms) = postSolution
		{5693CAA4-AB9F-4240-BDD8-47F4DA876DAD}.Debug|Any CPU.ActiveCfg = Debug|Any CPU
		{5693CAA4-AB9F-4240-BDD8-47F4DA876DAD}.Debug|Any CPU.Build.0 = Debug|Any CPU
		{5693CAA4-AB9F-4240-BDD8-47F4DA876DAD}.Release|Any CPU.ActiveCfg = Release|Any CPU
		{5693CAA4-AB9F-4240-BDD8-47F4DA876DAD}.Release|Any CPU.Build.0 = Release|Any CPU
	EndGlobalSection
	GlobalSection(SolutionProperties) = preSolution
		HideSolutionNode = FALSE
	EndGlobalSection
EndGlobal
